// !$*UTF8*$!
{
	archiveVersion = 1;
	classes = {
	};
	objectVersion = 77;
	objects = {

/* Begin PBXBuildFile section */
		18BE9D6D2DAB9E3A00657FFA /* full_tibia_1.referenceobject in Sources */ = {isa = PBXBuildFile; fileRef = 18BE9D6B2DAB9E3A00657FFA /* full_tibia_1.referenceobject */; };
		18BE9D6E2DAB9E3A00657FFA /* femur_wo_tibia.referenceobject in Sources */ = {isa = PBXBuildFile; fileRef = 18BE9D682DAB9E3A00657FFA /* femur_wo_tibia.referenceobject */; };
		18BE9D6F2DAB9E3A00657FFA /* tibia_wo_femur.referenceobject in Sources */ = {isa = PBXBuildFile; fileRef = 18BE9D692DAB9E3A00657FFA /* tibia_wo_femur.referenceobject */; };
		18BE9D702DAB9E3A00657FFA /* lidar femur 2 all angles.mlproj in Resources */ = {isa = PBXBuildFile; fileRef = 18BE9D6A2DAB9E3A00657FFA /* lidar femur 2 all angles.mlproj */; };
		18CA88EB2DA83F0D00641BDB /* RealityKitContent in Frameworks */ = {isa = PBXBuildFile; productRef = 18CA88EA2DA83F0D00641BDB /* RealityKitContent */; };
/* End PBXBuildFile section */

/* Begin PBXContainerItemProxy section */
		18CA88FE2DA83F0F00641BDB /* PBXContainerItemProxy */ = {
			isa = PBXContainerItemProxy;
			containerPortal = 18CA88DD2DA83F0D00641BDB /* Project object */;
			proxyType = 1;
			remoteGlobalIDString = 18CA88E42DA83F0D00641BDB;
			remoteInfo = TCP_Button;
		};
/* End PBXContainerItemProxy section */

/* Begin PBXFileReference section */
		18BE9D682DAB9E3A00657FFA /* femur_wo_tibia.referenceobject */ = {isa = PBXFileReference; lastKnownFileType = file.referenceobject; path = femur_wo_tibia.referenceobject; sourceTree = "<group>"; };
		18BE9D692DAB9E3A00657FFA /* tibia_wo_femur.referenceobject */ = {isa = PBXFileReference; lastKnownFileType = file.referenceobject; path = tibia_wo_femur.referenceobject; sourceTree = "<group>"; };
		18BE9D6A2DAB9E3A00657FFA /* lidar femur 2 all angles.mlproj */ = {isa = PBXFileReference; lastKnownFileType = wrapper; path = "lidar femur 2 all angles.mlproj"; sourceTree = "<group>"; };
		18BE9D6B2DAB9E3A00657FFA /* full_tibia_1.referenceobject */ = {isa = PBXFileReference; lastKnownFileType = file.referenceobject; path = full_tibia_1.referenceobject; sourceTree = "<group>"; };
		18CA88E52DA83F0D00641BDB /* TCP_Button.app */ = {isa = PBXFileReference; explicitFileType = wrapper.application; includeInIndex = 0; path = TCP_Button.app; sourceTree = BUILT_PRODUCTS_DIR; };
		18CA88E92DA83F0D00641BDB /* RealityKitContent */ = {isa = PBXFileReference; lastKnownFileType = wrapper; path = RealityKitContent; sourceTree = "<group>"; };
		18CA88FD2DA83F0F00641BDB /* TCP_ButtonTests.xctest */ = {isa = PBXFileReference; explicitFileType = wrapper.cfbundle; includeInIndex = 0; path = TCP_ButtonTests.xctest; sourceTree = BUILT_PRODUCTS_DIR; };
/* End PBXFileReference section */

/* Begin PBXFileSystemSynchronizedBuildFileExceptionSet section */
		18CA89032DA83F0F00641BDB /* Exceptions for "TCP_Button" folder in "TCP_Button" target */ = {
			isa = PBXFileSystemSynchronizedBuildFileExceptionSet;
			membershipExceptions = (
				Info.plist,
			);
			target = 18CA88E42DA83F0D00641BDB /* TCP_Button */;
		};
/* End PBXFileSystemSynchronizedBuildFileExceptionSet section */

/* Begin PBXFileSystemSynchronizedRootGroup section */
		18CA88E72DA83F0D00641BDB /* TCP_Button */ = {
			isa = PBXFileSystemSynchronizedRootGroup;
			exceptions = (
				18CA89032DA83F0F00641BDB /* Exceptions for "TCP_Button" folder in "TCP_Button" target */,
			);
			path = TCP_Button;
			sourceTree = "<group>";
		};
		18CA89002DA83F0F00641BDB /* TCP_ButtonTests */ = {
			isa = PBXFileSystemSynchronizedRootGroup;
			path = TCP_ButtonTests;
			sourceTree = "<group>";
		};
/* End PBXFileSystemSynchronizedRootGroup section */

/* Begin PBXFrameworksBuildPhase section */
		18CA88E22DA83F0D00641BDB /* Frameworks */ = {
			isa = PBXFrameworksBuildPhase;
			buildActionMask = 2147483647;
			files = (
				18CA88EB2DA83F0D00641BDB /* RealityKitContent in Frameworks */,
			);
			runOnlyForDeploymentPostprocessing = 0;
		};
		18CA88FA2DA83F0F00641BDB /* Frameworks */ = {
			isa = PBXFrameworksBuildPhase;
			buildActionMask = 2147483647;
			files = (
			);
			runOnlyForDeploymentPostprocessing = 0;
		};
/* End PBXFrameworksBuildPhase section */

/* Begin PBXGroup section */
		18BE9D6C2DAB9E3A00657FFA /* Reference Objects */ = {
			isa = PBXGroup;
			children = (
				18BE9D682DAB9E3A00657FFA /* femur_wo_tibia.referenceobject */,
				18BE9D692DAB9E3A00657FFA /* tibia_wo_femur.referenceobject */,
				18BE9D6A2DAB9E3A00657FFA /* lidar femur 2 all angles.mlproj */,
				18BE9D6B2DAB9E3A00657FFA /* full_tibia_1.referenceobject */,
			);
			path = "Reference Objects";
			sourceTree = "<group>";
		};
		18CA88DC2DA83F0D00641BDB = {
			isa = PBXGroup;
			children = (
				18CA88E72DA83F0D00641BDB /* TCP_Button */,
				18CA88E82DA83F0D00641BDB /* Packages */,
				18CA89002DA83F0F00641BDB /* TCP_ButtonTests */,
				18CA88E62DA83F0D00641BDB /* Products */,
				18BE9D6C2DAB9E3A00657FFA /* Reference Objects */,
			);
			sourceTree = "<group>";
		};
		18CA88E62DA83F0D00641BDB /* Products */ = {
			isa = PBXGroup;
			children = (
				18CA88E52DA83F0D00641BDB /* TCP_Button.app */,
				18CA88FD2DA83F0F00641BDB /* TCP_ButtonTests.xctest */,
			);
			name = Products;
			sourceTree = "<group>";
		};
		18CA88E82DA83F0D00641BDB /* Packages */ = {
			isa = PBXGroup;
			children = (
				18CA88E92DA83F0D00641BDB /* RealityKitContent */,
			);
			path = Packages;
			sourceTree = "<group>";
		};
/* End PBXGroup section */

/* Begin PBXNativeTarget section */
		18CA88E42DA83F0D00641BDB /* TCP_Button */ = {
			isa = PBXNativeTarget;
			buildConfigurationList = 18CA89042DA83F0F00641BDB /* Build configuration list for PBXNativeTarget "TCP_Button" */;
			buildPhases = (
				18CA88E12DA83F0D00641BDB /* Sources */,
				18CA88E22DA83F0D00641BDB /* Frameworks */,
				18CA88E32DA83F0D00641BDB /* Resources */,
			);
			buildRules = (
			);
			dependencies = (
			);
			fileSystemSynchronizedGroups = (
				18CA88E72DA83F0D00641BDB /* TCP_Button */,
			);
			name = TCP_Button;
			packageProductDependencies = (
				18CA88EA2DA83F0D00641BDB /* RealityKitContent */,
			);
			productName = TCP_Button;
			productReference = 18CA88E52DA83F0D00641BDB /* TCP_Button.app */;
			productType = "com.apple.product-type.application";
		};
		18CA88FC2DA83F0F00641BDB /* TCP_ButtonTests */ = {
			isa = PBXNativeTarget;
			buildConfigurationList = 18CA89092DA83F0F00641BDB /* Build configuration list for PBXNativeTarget "TCP_ButtonTests" */;
			buildPhases = (
				18CA88F92DA83F0F00641BDB /* Sources */,
				18CA88FA2DA83F0F00641BDB /* Frameworks */,
				18CA88FB2DA83F0F00641BDB /* Resources */,
			);
			buildRules = (
			);
			dependencies = (
				18CA88FF2DA83F0F00641BDB /* PBXTargetDependency */,
			);
			fileSystemSynchronizedGroups = (
				18CA89002DA83F0F00641BDB /* TCP_ButtonTests */,
			);
			name = TCP_ButtonTests;
			packageProductDependencies = (
			);
			productName = TCP_ButtonTests;
			productReference = 18CA88FD2DA83F0F00641BDB /* TCP_ButtonTests.xctest */;
			productType = "com.apple.product-type.bundle.unit-test";
		};
/* End PBXNativeTarget section */

/* Begin PBXProject section */
		18CA88DD2DA83F0D00641BDB /* Project object */ = {
			isa = PBXProject;
			attributes = {
				BuildIndependentTargetsInParallel = 1;
				LastSwiftUpdateCheck = 1630;
				LastUpgradeCheck = 1630;
				TargetAttributes = {
					18CA88E42DA83F0D00641BDB = {
						CreatedOnToolsVersion = 16.3;
					};
					18CA88FC2DA83F0F00641BDB = {
						CreatedOnToolsVersion = 16.3;
						TestTargetID = 18CA88E42DA83F0D00641BDB;
					};
				};
			};
			buildConfigurationList = 18CA88E02DA83F0D00641BDB /* Build configuration list for PBXProject "TCP_Button" */;
			developmentRegion = en;
			hasScannedForEncodings = 0;
			knownRegions = (
				en,
				Base,
			);
			mainGroup = 18CA88DC2DA83F0D00641BDB;
			minimizedProjectReferenceProxies = 1;
			preferredProjectObjectVersion = 77;
			productRefGroup = 18CA88E62DA83F0D00641BDB /* Products */;
			projectDirPath = "";
			projectRoot = "";
			targets = (
				18CA88E42DA83F0D00641BDB /* TCP_Button */,
				18CA88FC2DA83F0F00641BDB /* TCP_ButtonTests */,
			);
		};
/* End PBXProject section */

/* Begin PBXResourcesBuildPhase section */
		18CA88E32DA83F0D00641BDB /* Resources */ = {
			isa = PBXResourcesBuildPhase;
			buildActionMask = 2147483647;
			files = (
				18BE9D702DAB9E3A00657FFA /* lidar femur 2 all angles.mlproj in Resources */,
			);
			runOnlyForDeploymentPostprocessing = 0;
		};
		18CA88FB2DA83F0F00641BDB /* Resources */ = {
			isa = PBXResourcesBuildPhase;
			buildActionMask = 2147483647;
			files = (
			);
			runOnlyForDeploymentPostprocessing = 0;
		};
/* End PBXResourcesBuildPhase section */

/* Begin PBXSourcesBuildPhase section */
		18CA88E12DA83F0D00641BDB /* Sources */ = {
			isa = PBXSourcesBuildPhase;
			buildActionMask = 2147483647;
			files = (
				18BE9D6D2DAB9E3A00657FFA /* full_tibia_1.referenceobject in Sources */,
				18BE9D6E2DAB9E3A00657FFA /* femur_wo_tibia.referenceobject in Sources */,
				18BE9D6F2DAB9E3A00657FFA /* tibia_wo_femur.referenceobject in Sources */,
			);
			runOnlyForDeploymentPostprocessing = 0;
		};
		18CA88F92DA83F0F00641BDB /* Sources */ = {
			isa = PBXSourcesBuildPhase;
			buildActionMask = 2147483647;
			files = (
			);
			runOnlyForDeploymentPostprocessing = 0;
		};
/* End PBXSourcesBuildPhase section */

/* Begin PBXTargetDependency section */
		18CA88FF2DA83F0F00641BDB /* PBXTargetDependency */ = {
			isa = PBXTargetDependency;
			target = 18CA88E42DA83F0D00641BDB /* TCP_Button */;
			targetProxy = 18CA88FE2DA83F0F00641BDB /* PBXContainerItemProxy */;
		};
/* End PBXTargetDependency section */

/* Begin XCBuildConfiguration section */
		18CA89052DA83F0F00641BDB /* Debug */ = {
			isa = XCBuildConfiguration;
			buildSettings = {
				ASSETCATALOG_COMPILER_APPICON_NAME = AppIcon;
				ASSETCATALOG_COMPILER_GLOBAL_ACCENT_COLOR_NAME = AccentColor;
				CODE_SIGN_STYLE = Automatic;
				CURRENT_PROJECT_VERSION = 1;
				DEVELOPMENT_TEAM = ZLW9L86VBD;
				ENABLE_PREVIEWS = YES;
				GENERATE_INFOPLIST_FILE = YES;
				INFOPLIST_FILE = "$(TARGET_NAME)/Info.plist";
				LD_RUNPATH_SEARCH_PATHS = (
					"$(inherited)",
					"@executable_path/Frameworks",
				);
				MARKETING_VERSION = 1.0;
				PRODUCT_BUNDLE_IDENTIFIER = "teamD.TCP-Button";
				PRODUCT_NAME = "$(TARGET_NAME)";
				SUPPORTED_PLATFORMS = "xros xrsimulator";
				SWIFT_EMIT_LOC_STRINGS = YES;
				SWIFT_VERSION = 5.0;
				TARGETED_DEVICE_FAMILY = 7;
			};
			name = Debug;
		};
		18CA89062DA83F0F00641BDB /* Release */ = {
			isa = XCBuildConfiguration;
			buildSettings = {
				ASSETCATALOG_COMPILER_APPICON_NAME = AppIcon;
				ASSETCATALOG_COMPILER_GLOBAL_ACCENT_COLOR_NAME = AccentColor;
				CODE_SIGN_STYLE = Automatic;
				CURRENT_PROJECT_VERSION = 1;
				DEVELOPMENT_TEAM = ZLW9L86VBD;
				ENABLE_PREVIEWS = YES;
				GENERATE_INFOPLIST_FILE = YES;
				INFOPLIST_FILE = "$(TARGET_NAME)/Info.plist";
				LD_RUNPATH_SEARCH_PATHS = (
					"$(inherited)",
					"@executable_path/Frameworks",
				);
				MARKETING_VERSION = 1.0;
				PRODUCT_BUNDLE_IDENTIFIER = "teamD.TCP-Button";
				PRODUCT_NAME = "$(TARGET_NAME)";
				SUPPORTED_PLATFORMS = "xros xrsimulator";
				SWIFT_EMIT_LOC_STRINGS = YES;
				SWIFT_VERSION = 5.0;
				TARGETED_DEVICE_FAMILY = 7;
			};
			name = Release;
		};
		18CA89072DA83F0F00641BDB /* Debug */ = {
			isa = XCBuildConfiguration;
			buildSettings = {
				ALWAYS_SEARCH_USER_PATHS = NO;
				ASSETCATALOG_COMPILER_GENERATE_SWIFT_ASSET_SYMBOL_EXTENSIONS = YES;
				CLANG_ANALYZER_NONNULL = YES;
				CLANG_ANALYZER_NUMBER_OBJECT_CONVERSION = YES_AGGRESSIVE;
				CLANG_CXX_LANGUAGE_STANDARD = "gnu++20";
				CLANG_ENABLE_MODULES = YES;
				CLANG_ENABLE_OBJC_ARC = YES;
				CLANG_ENABLE_OBJC_WEAK = YES;
				CLANG_WARN_BLOCK_CAPTURE_AUTORELEASING = YES;
				CLANG_WARN_BOOL_CONVERSION = YES;
				CLANG_WARN_COMMA = YES;
				CLANG_WARN_CONSTANT_CONVERSION = YES;
				CLANG_WARN_DEPRECATED_OBJC_IMPLEMENTATIONS = YES;
				CLANG_WARN_DIRECT_OBJC_ISA_USAGE = YES_ERROR;
				CLANG_WARN_DOCUMENTATION_COMMENTS = YES;
				CLANG_WARN_EMPTY_BODY = YES;
				CLANG_WARN_ENUM_CONVERSION = YES;
				CLANG_WARN_INFINITE_RECURSION = YES;
				CLANG_WARN_INT_CONVERSION = YES;
				CLANG_WARN_NON_LITERAL_NULL_CONVERSION = YES;
				CLANG_WARN_OBJC_IMPLICIT_RETAIN_SELF = YES;
				CLANG_WARN_OBJC_LITERAL_CONVERSION = YES;
				CLANG_WARN_OBJC_ROOT_CLASS = YES_ERROR;
				CLANG_WARN_QUOTED_INCLUDE_IN_FRAMEWORK_HEADER = YES;
				CLANG_WARN_RANGE_LOOP_ANALYSIS = YES;
				CLANG_WARN_STRICT_PROTOTYPES = YES;
				CLANG_WARN_SUSPICIOUS_MOVE = YES;
				CLANG_WARN_UNGUARDED_AVAILABILITY = YES_AGGRESSIVE;
				CLANG_WARN_UNREACHABLE_CODE = YES;
				CLANG_WARN__DUPLICATE_METHOD_MATCH = YES;
				COPY_PHASE_STRIP = NO;
				DEBUG_INFORMATION_FORMAT = dwarf;
				DEVELOPMENT_TEAM = ZLW9L86VBD;
				ENABLE_STRICT_OBJC_MSGSEND = YES;
				ENABLE_TESTABILITY = YES;
				ENABLE_USER_SCRIPT_SANDBOXING = YES;
				GCC_C_LANGUAGE_STANDARD = gnu17;
				GCC_DYNAMIC_NO_PIC = NO;
				GCC_NO_COMMON_BLOCKS = YES;
				GCC_OPTIMIZATION_LEVEL = 0;
				GCC_PREPROCESSOR_DEFINITIONS = (
					"DEBUG=1",
					"$(inherited)",
				);
				GCC_WARN_64_TO_32_BIT_CONVERSION = YES;
				GCC_WARN_ABOUT_RETURN_TYPE = YES_ERROR;
				GCC_WARN_UNDECLARED_SELECTOR = YES;
				GCC_WARN_UNINITIALIZED_AUTOS = YES_AGGRESSIVE;
				GCC_WARN_UNUSED_FUNCTION = YES;
				GCC_WARN_UNUSED_VARIABLE = YES;
				LOCALIZATION_PREFERS_STRING_CATALOGS = YES;
				MTL_ENABLE_DEBUG_INFO = INCLUDE_SOURCE;
				MTL_FAST_MATH = YES;
				ONLY_ACTIVE_ARCH = YES;
				SDKROOT = xros;
				SWIFT_ACTIVE_COMPILATION_CONDITIONS = "DEBUG $(inherited)";
				SWIFT_OPTIMIZATION_LEVEL = "-Onone";
				XROS_DEPLOYMENT_TARGET = 2.4;
			};
			name = Debug;
		};
		18CA89082DA83F0F00641BDB /* Release */ = {
			isa = XCBuildConfiguration;
			buildSettings = {
				ALWAYS_SEARCH_USER_PATHS = NO;
				ASSETCATALOG_COMPILER_GENERATE_SWIFT_ASSET_SYMBOL_EXTENSIONS = YES;
				CLANG_ANALYZER_NONNULL = YES;
				CLANG_ANALYZER_NUMBER_OBJECT_CONVERSION = YES_AGGRESSIVE;
				CLANG_CXX_LANGUAGE_STANDARD = "gnu++20";
				CLANG_ENABLE_MODULES = YES;
				CLANG_ENABLE_OBJC_ARC = YES;
				CLANG_ENABLE_OBJC_WEAK = YES;
				CLANG_WARN_BLOCK_CAPTURE_AUTORELEASING = YES;
				CLANG_WARN_BOOL_CONVERSION = YES;
				CLANG_WARN_COMMA = YES;
				CLANG_WARN_CONSTANT_CONVERSION = YES;
				CLANG_WARN_DEPRECATED_OBJC_IMPLEMENTATIONS = YES;
				CLANG_WARN_DIRECT_OBJC_ISA_USAGE = YES_ERROR;
				CLANG_WARN_DOCUMENTATION_COMMENTS = YES;
				CLANG_WARN_EMPTY_BODY = YES;
				CLANG_WARN_ENUM_CONVERSION = YES;
				CLANG_WARN_INFINITE_RECURSION = YES;
				CLANG_WARN_INT_CONVERSION = YES;
				CLANG_WARN_NON_LITERAL_NULL_CONVERSION = YES;
				CLANG_WARN_OBJC_IMPLICIT_RETAIN_SELF = YES;
				CLANG_WARN_OBJC_LITERAL_CONVERSION = YES;
				CLANG_WARN_OBJC_ROOT_CLASS = YES_ERROR;
				CLANG_WARN_QUOTED_INCLUDE_IN_FRAMEWORK_HEADER = YES;
				CLANG_WARN_RANGE_LOOP_ANALYSIS = YES;
				CLANG_WARN_STRICT_PROTOTYPES = YES;
				CLANG_WARN_SUSPICIOUS_MOVE = YES;
				CLANG_WARN_UNGUARDED_AVAILABILITY = YES_AGGRESSIVE;
				CLANG_WARN_UNREACHABLE_CODE = YES;
				CLANG_WARN__DUPLICATE_METHOD_MATCH = YES;
				COPY_PHASE_STRIP = NO;
				DEBUG_INFORMATION_FORMAT = "dwarf-with-dsym";
				DEVELOPMENT_TEAM = ZLW9L86VBD;
				ENABLE_NS_ASSERTIONS = NO;
				ENABLE_STRICT_OBJC_MSGSEND = YES;
				ENABLE_USER_SCRIPT_SANDBOXING = YES;
				GCC_C_LANGUAGE_STANDARD = gnu17;
				GCC_NO_COMMON_BLOCKS = YES;
				GCC_WARN_64_TO_32_BIT_CONVERSION = YES;
				GCC_WARN_ABOUT_RETURN_TYPE = YES_ERROR;
				GCC_WARN_UNDECLARED_SELECTOR = YES;
				GCC_WARN_UNINITIALIZED_AUTOS = YES_AGGRESSIVE;
				GCC_WARN_UNUSED_FUNCTION = YES;
				GCC_WARN_UNUSED_VARIABLE = YES;
				LOCALIZATION_PREFERS_STRING_CATALOGS = YES;
				MTL_ENABLE_DEBUG_INFO = NO;
				MTL_FAST_MATH = YES;
				SDKROOT = xros;
				SWIFT_COMPILATION_MODE = wholemodule;
				VALIDATE_PRODUCT = YES;
				XROS_DEPLOYMENT_TARGET = 2.4;
			};
			name = Release;
		};
		18CA890A2DA83F0F00641BDB /* Debug */ = {
			isa = XCBuildConfiguration;
			buildSettings = {
				BUNDLE_LOADER = "$(TEST_HOST)";
				CODE_SIGN_STYLE = Automatic;
				CURRENT_PROJECT_VERSION = 1;
				DEVELOPMENT_TEAM = ZLW9L86VBD;
				GENERATE_INFOPLIST_FILE = YES;
				MARKETING_VERSION = 1.0;
				PRODUCT_BUNDLE_IDENTIFIER = "teamD.TCP-ButtonTests";
				PRODUCT_NAME = "$(TARGET_NAME)";
				SUPPORTED_PLATFORMS = "xros xrsimulator";
				SWIFT_EMIT_LOC_STRINGS = NO;
				SWIFT_VERSION = 5.0;
				TARGETED_DEVICE_FAMILY = 7;
				TEST_HOST = "$(BUILT_PRODUCTS_DIR)/TCP_Button.app/$(BUNDLE_EXECUTABLE_FOLDER_PATH)/TCP_Button";
				XROS_DEPLOYMENT_TARGET = 2.4;
			};
			name = Debug;
		};
		18CA890B2DA83F0F00641BDB /* Release */ = {
			isa = XCBuildConfiguration;
			buildSettings = {
				BUNDLE_LOADER = "$(TEST_HOST)";
				CODE_SIGN_STYLE = Automatic;
				CURRENT_PROJECT_VERSION = 1;
				DEVELOPMENT_TEAM = ZLW9L86VBD;
				GENERATE_INFOPLIST_FILE = YES;
				MARKETING_VERSION = 1.0;
				PRODUCT_BUNDLE_IDENTIFIER = "teamD.TCP-ButtonTests";
				PRODUCT_NAME = "$(TARGET_NAME)";
				SUPPORTED_PLATFORMS = "xros xrsimulator";
				SWIFT_EMIT_LOC_STRINGS = NO;
				SWIFT_VERSION = 5.0;
				TARGETED_DEVICE_FAMILY = 7;
				TEST_HOST = "$(BUILT_PRODUCTS_DIR)/TCP_Button.app/$(BUNDLE_EXECUTABLE_FOLDER_PATH)/TCP_Button";
				XROS_DEPLOYMENT_TARGET = 2.4;
			};
			name = Release;
		};
/* End XCBuildConfiguration section */

/* Begin XCConfigurationList section */
		18CA88E02DA83F0D00641BDB /* Build configuration list for PBXProject "TCP_Button" */ = {
			isa = XCConfigurationList;
			buildConfigurations = (
				18CA89072DA83F0F00641BDB /* Debug */,
				18CA89082DA83F0F00641BDB /* Release */,
			);
			defaultConfigurationIsVisible = 0;
			defaultConfigurationName = Release;
		};
		18CA89042DA83F0F00641BDB /* Build configuration list for PBXNativeTarget "TCP_Button" */ = {
			isa = XCConfigurationList;
			buildConfigurations = (
				18CA89052DA83F0F00641BDB /* Debug */,
				18CA89062DA83F0F00641BDB /* Release */,
			);
			defaultConfigurationIsVisible = 0;
			defaultConfigurationName = Release;
		};
		18CA89092DA83F0F00641BDB /* Build configuration list for PBXNativeTarget "TCP_ButtonTests" */ = {
			isa = XCConfigurationList;
			buildConfigurations = (
				18CA890A2DA83F0F00641BDB /* Debug */,
				18CA890B2DA83F0F00641BDB /* Release */,
			);
			defaultConfigurationIsVisible = 0;
			defaultConfigurationName = Release;
		};
/* End XCConfigurationList section */

/* Begin XCSwiftPackageProductDependency section */
		18CA88EA2DA83F0D00641BDB /* RealityKitContent */ = {
			isa = XCSwiftPackageProductDependency;
			productName = RealityKitContent;
		};
/* End XCSwiftPackageProductDependency section */
	};
	rootObject = 18CA88DD2DA83F0D00641BDB /* Project object */;
}
